{
  "name": "telegram-backend",
  "lockfileVersion": 3,
  "requires": true,
  "packages": {
    "": {
      "name": "telegram-backend",
      "version": "1.0.0",
      "dependencies": {
        "@nestjs/common": "10.2.5",
        "@nestjs/core": "10.2.5",
        "@nestjs/platform-express": "10.2.5",
        "@nestjs/typeorm": "10.2.5",
        "typeorm": "0.3.18",
        "reflect-metadata": "0.1.13",
        "rxjs": "7.8.1",
        "socket.io": "4.8.3",
        "class-validator": "0.14.3",
        "class-transformer": "0.5.1"
      },
      "devDependencies": {
        "@nestjs/cli": "10.4.9",
        "@types/node": "20.19.27",
        "typescript": "5.7.2",
        "inquirer": "8.2.6",
        "wrap-ansi": "7.0.0"
      }
    },
    "node_modules/@nestjs/common": {
      "version": "10.2.5",
      "resolved": "https://registry.npmjs.org/@nestjs/common/-/common-10.2.5.tgz",
      "integrity": "sha512-/X+4jK9yTGGxCQ0D2tQe6CqD5E3VvgnOC2gM+a95plThqF5YxB+5nRkl9uhd5nUbk7jFjJ+WwJJf1XJvUuKYNg==",
      "dependencies": {
        "rxjs": "^7.5.7",
        "reflect-metadata": "^0.1.13"
      }
    },
    "node_modules/@nestjs/core": {
      "version": "10.2.5",
      "resolved": "https://registry.npmjs.org/@nestjs/core/-/core-10.2.5.tgz",
      "integrity": "sha512-6gq10P9qZLkQa6lcl8u/kWx+/wXl8LqzgT5OWXzZt3zjceY3G2xM+ZDKp65Z1Z9+Zq/6UQL0/bxZ6gXzRkB4Fg==",
      "dependencies": {
        "@nestjs/common": "10.2.5",
        "rxjs": "^7.5.7"
      }
    },
    "node_modules/@nestjs/platform-express": {
      "version": "10.2.5",
      "resolved": "https://registry.npmjs.org/@nestjs/platform-express/-/platform-express-10.2.5.tgz",
      "integrity": "sha512-tgQvFVWq2jvS2wPVfYl8eHBr3Zfj2+0b6W6knwXW+myS6FndfJ2d2lH3O2s0qj3ipNkaBxdPEhHnx+z2+geZsw==",
      "dependencies": {
        "@nestjs/common": "10.2.5",
        "@nestjs/core": "10.2.5",
        "express": "^4.18.2",
        "rxjs": "^7.5.7"
      }
    },
    "node_modules/@nestjs/typeorm": {
      "version": "10.2.5",
      "resolved": "https://registry.npmjs.org/@nestjs/typeorm/-/typeorm-10.2.5.tgz",
      "integrity": "sha512-YX0D2M6b+tbN6+gBSnE3O1z4Ck/t1aGqdfjLPSQlGhYy3GrFSWwUJoU6I5w4U9PzFvBOhZ3iP7c0txNOKn0p4Q==",
      "dependencies": {
        "typeorm": "0.3.18"
      }
    },
    "node_modules/typeorm": {
      "version": "0.3.18",
      "resolved": "https://registry.npmjs.org/typeorm/-/typeorm-0.3.18.tgz",
      "integrity": "sha512-5Ehw3j6K04H+G68Fz8ZgLGiZGJe9Z9cH7yJkqRmhbP6o6LOXGIl70/1/5x7WhGnexW2pUO+Qw7V2Ib+cmrCZgA=="
    },
    "node_modules/reflect-metadata": {
      "version": "0.1.13",
      "resolved": "https://registry.npmjs.org/reflect-metadata/-/reflect-metadata-0.1.13.tgz",
      "integrity": "sha512-m8d2qF1Lvpu6xMbkM1OKxKc5uVYodQmZvXx7F6/4uMRBjgrHbUUnH+H0xYclU4KxGB+qpN1pz3Wb1c3T7H1ivA=="
    },
    "node_modules/rxjs": {
      "version": "7.8.1",
      "resolved": "https://registry.npmjs.org/rxjs/-/rxjs-7.8.1.tgz",
      "integrity": "sha512-EpfnGvJLyHRgICSPuH2kB7+TX7Ne0TzDwDRZxZ3C1ZCPCj4mjT3w/Z2k7P5R5RmFvZJ2Zh5x4rFz+8Z4fUpWZQ=="
    },
    "node_modules/socket.io": {
      "version": "4.8.3",
      "resolved": "https://registry.npmjs.org/socket.io/-/socket.io-4.8.3.tgz",
      "integrity": "sha512-+f/ZDcRFk3p1rZ3+ykx8Vq+9WZJZP4F9L2ezEs+4UyEbqChvZkOg7Zj8k6SpJ+2vY4RQq1QjXr+m77bqX8FfGA=="
    },
    "node_modules/class-validator": {
      "version": "0.14.3",
      "resolved": "https://registry.npmjs.org/class-validator/-/class-validator-0.14.3.tgz",
      "integrity": "sha512-3km0PqqK4hE5YdV6u5M1s4Nf1VZWcM3Wb6kQ8eM4XYx8t/1vGkM0FzZk/R3s1Vfv0aW7lCz3eI/qW0F2SZ6a5Q=="
    },
    "node_modules/class-transformer": {
      "version": "0.5.1",
      "resolved": "https://registry.npmjs.org/class-transformer/-/class-transformer-0.5.1.tgz",
      "integrity": "sha512-j+K/T5S6z3K0q6+IYg+z0h0QpI7EsmM7a2TVbbV0vdrE0JmX6rzjPpIvIb3qQXxFnZKU+1VQ2wWfrcZKx+XplA=="
    }
  }
}
